
Microsoft Visual Studio Solution File, Format Version 12.00
# Visual Studio Version 17
VisualStudioVersion = 17.0.32126.317
MinimumVisualStudioVersion = 10.0.40219.1
Project("{FAE04EC0-301F-11D3-BF4B-00C04F79EFBC}") = "OccurenceCharacter", "OccurenceCharacter\OccurenceCharacter.csproj", "{A41A3307-529B-476F-9E32-33E4332AAA39}"
EndProject
Global
	GlobalSection(SolutionConfigurationPlatforms) = preSolution
		Debug|Any CPU = Debug|Any CPU
		Release|Any CPU = Release|Any CPU
	EndGlobalSection
	GlobalSection(ProjectConfigurationPlatforms) = postSolution
		{A41A3307-529B-476F-9E32-33E4332AAA39}.Debug|Any CPU.ActiveCfg = Debug|Any CPU
		{A41A3307-529B-476F-9E32-33E4332AAA39}.Debug|Any CPU.Build.0 = Debug|Any CPU
		{A41A3307-529B-476F-9E32-33E4332AAA39}.Release|Any CPU.ActiveCfg = Release|Any CPU
		{A41A3307-529B-476F-9E32-33E4332AAA39}.Release|Any CPU.Build.0 = Release|Any CPU
	EndGlobalSection
	GlobalSection(SolutionProperties) = preSolution
		HideSolutionNode = FALSE
	EndGlobalSection
	GlobalSection(ExtensibilityGlobals) = postSolution
		SolutionGuid = {3B79BC3D-0F50-4A33-8716-F1E1E3AC721C}
	EndGlobalSection
EndGlobal
